// !$*UTF8*$!
{
	archiveVersion = 1;
	classes = {
	};
	objectVersion = 46;
	objects = {

/* Begin PBXBuildFile section */
		66937542176AF35D00217CE5 /* c01_propertylist.cpp in Sources */ = {isa = PBXBuildFile; fileRef = 66937541176AF35D00217CE5 /* c01_propertylist.cpp */; };
		66937544176AF37300217CE5 /* dcamapi.framework in Frameworks */ = {isa = PBXBuildFile; fileRef = 66937543176AF37300217CE5 /* dcamapi.framework */; };
/* End PBXBuildFile section */

/* Begin PBXCopyFilesBuildPhase section */
		6693752D176AB9E900217CE5 /* CopyFiles */ = {
			isa = PBXCopyFilesBuildPhase;
			buildActionMask = 2147483647;
			dstPath = /usr/share/man/man1/;
			dstSubfolderSpec = 0;
			files = (
			);
			runOnlyForDeploymentPostprocessing = 1;
		};
/* End PBXCopyFilesBuildPhase section */

/* Begin PBXFileReference section */
		6693752F176AB9E900217CE5 /* c01_propertylist */ = {isa = PBXFileReference; explicitFileType = "compiled.mach-o.executable"; includeInIndex = 0; path = c01_propertylist; sourceTree = BUILT_PRODUCTS_DIR; };
		66937541176AF35D00217CE5 /* c01_propertylist.cpp */ = {isa = PBXFileReference; fileEncoding = 4; lastKnownFileType = sourcecode.cpp.cpp; path = c01_propertylist.cpp; sourceTree = SOURCE_ROOT; };
		66937543176AF37300217CE5 /* dcamapi.framework */ = {isa = PBXFileReference; lastKnownFileType = wrapper.framework; name = dcamapi.framework; path = ../../../../../../../../../Library/Frameworks/dcamapi.framework; sourceTree = "<group>"; };
/* End PBXFileReference section */

/* Begin PBXFrameworksBuildPhase section */
		6693752C176AB9E900217CE5 /* Frameworks */ = {
			isa = PBXFrameworksBuildPhase;
			buildActionMask = 2147483647;
			files = (
				66937544176AF37300217CE5 /* dcamapi.framework in Frameworks */,
			);
			runOnlyForDeploymentPostprocessing = 0;
		};
/* End PBXFrameworksBuildPhase section */

/* Begin PBXGroup section */
		66937524176AB9E900217CE5 = {
			isa = PBXGroup;
			children = (
				66937543176AF37300217CE5 /* dcamapi.framework */,
				66937532176AB9E900217CE5 /* c01_propertylist */,
				66937530176AB9E900217CE5 /* Products */,
			);
			sourceTree = "<group>";
		};
		66937530176AB9E900217CE5 /* Products */ = {
			isa = PBXGroup;
			children = (
				6693752F176AB9E900217CE5 /* c01_propertylist */,
			);
			name = Products;
			sourceTree = "<group>";
		};
		66937532176AB9E900217CE5 /* c01_propertylist */ = {
			isa = PBXGroup;
			children = (
				66937541176AF35D00217CE5 /* c01_propertylist.cpp */,
			);
			path = c01_propertylist;
			sourceTree = "<group>";
		};
/* End PBXGroup section */

/* Begin PBXNativeTarget section */
		6693752E176AB9E900217CE5 /* c01_propertylist */ = {
			isa = PBXNativeTarget;
			buildConfigurationList = 66937539176AB9E900217CE5 /* Build configuration list for PBXNativeTarget "c01_propertylist" */;
			buildPhases = (
				6693752B176AB9E900217CE5 /* Sources */,
				6693752C176AB9E900217CE5 /* Frameworks */,
				6693752D176AB9E900217CE5 /* CopyFiles */,
			);
			buildRules = (
			);
			dependencies = (
			);
			name = c01_propertylist;
			productName = c01_propertylist;
			productReference = 6693752F176AB9E900217CE5 /* c01_propertylist */;
			productType = "com.apple.product-type.tool";
		};
/* End PBXNativeTarget section */

/* Begin PBXProject section */
		66937526176AB9E900217CE5 /* Project object */ = {
			isa = PBXProject;
			attributes = {
				ORGANIZATIONNAME = "浜松ホトニクス株式会社";
			};
			buildConfigurationList = 66937529176AB9E900217CE5 /* Build configuration list for PBXProject "c01_propertylist_new" */;
			compatibilityVersion = "Xcode 3.2";
			developmentRegion = English;
			hasScannedForEncodings = 0;
			knownRegions = (
				en,
			);
			mainGroup = 66937524176AB9E900217CE5;
			productRefGroup = 66937530176AB9E900217CE5 /* Products */;
			projectDirPath = "";
			projectRoot = "";
			targets = (
				6693752E176AB9E900217CE5 /* c01_propertylist */,
			);
		};
/* End PBXProject section */

/* Begin PBXSourcesBuildPhase section */
		6693752B176AB9E900217CE5 /* Sources */ = {
			isa = PBXSourcesBuildPhase;
			buildActionMask = 2147483647;
			files = (
				66937542176AF35D00217CE5 /* c01_propertylist.cpp in Sources */,
			);
			runOnlyForDeploymentPostprocessing = 0;
		};
/* End PBXSourcesBuildPhase section */

/* Begin XCBuildConfiguration section */
		66937537176AB9E900217CE5 /* Debug */ = {
			isa = XCBuildConfiguration;
			buildSettings = {
				ALWAYS_SEARCH_USER_PATHS = NO;
				ARCHS = "$(ARCHS_STANDARD_64_BIT)";
				COPY_PHASE_STRIP = NO;
				GCC_C_LANGUAGE_STANDARD = gnu99;
				GCC_DYNAMIC_NO_PIC = NO;
				GCC_ENABLE_OBJC_EXCEPTIONS = YES;
				GCC_OPTIMIZATION_LEVEL = 0;
				GCC_PREPROCESSOR_DEFINITIONS = (
					"DEBUG=1",
					"$(inherited)",
				);
				GCC_SYMBOLS_PRIVATE_EXTERN = NO;
				GCC_VERSION = com.apple.compilers.llvm.clang.1_0;
				GCC_WARN_64_TO_32_BIT_CONVERSION = YES;
				GCC_WARN_ABOUT_MISSING_PROTOTYPES = YES;
				GCC_WARN_ABOUT_RETURN_TYPE = YES;
				GCC_WARN_UNUSED_VARIABLE = YES;
				MACOSX_DEPLOYMENT_TARGET = 10.7;
				ONLY_ACTIVE_ARCH = YES;
				SDKROOT = macosx;
			};
			name = Debug;
		};
		66937538176AB9E900217CE5 /* Release */ = {
			isa = XCBuildConfiguration;
			buildSettings = {
				ALWAYS_SEARCH_USER_PATHS = NO;
				ARCHS = "$(ARCHS_STANDARD_64_BIT)";
				COPY_PHASE_STRIP = YES;
				DEBUG_INFORMATION_FORMAT = "dwarf-with-dsym";
				GCC_C_LANGUAGE_STANDARD = gnu99;
				GCC_ENABLE_OBJC_EXCEPTIONS = YES;
				GCC_VERSION = com.apple.compilers.llvm.clang.1_0;
				GCC_WARN_64_TO_32_BIT_CONVERSION = YES;
				GCC_WARN_ABOUT_MISSING_PROTOTYPES = YES;
				GCC_WARN_ABOUT_RETURN_TYPE = YES;
				GCC_WARN_UNUSED_VARIABLE = YES;
				MACOSX_DEPLOYMENT_TARGET = 10.7;
				SDKROOT = macosx;
			};
			name = Release;
		};
		6693753A176AB9E900217CE5 /* Debug */ = {
			isa = XCBuildConfiguration;
			buildSettings = {
				ARCHS = "$(ARCHS_STANDARD_32_BIT)";
				PRODUCT_NAME = "$(TARGET_NAME)";
				SDKROOT = "";
				VALID_ARCHS = i386;
			};
			name = Debug;
		};
		6693753B176AB9E900217CE5 /* Release */ = {
			isa = XCBuildConfiguration;
			buildSettings = {
				ARCHS = "$(ARCHS_STANDARD_32_BIT)";
				PRODUCT_NAME = "$(TARGET_NAME)";
				SDKROOT = "";
				VALID_ARCHS = i386;
			};
			name = Release;
		};
/* End XCBuildConfiguration section */

/* Begin XCConfigurationList section */
		66937529176AB9E900217CE5 /* Build configuration list for PBXProject "c01_propertylist_new" */ = {
			isa = XCConfigurationList;
			buildConfigurations = (
				66937537176AB9E900217CE5 /* Debug */,
				66937538176AB9E900217CE5 /* Release */,
			);
			defaultConfigurationIsVisible = 0;
			defaultConfigurationName = Release;
		};
		66937539176AB9E900217CE5 /* Build configuration list for PBXNativeTarget "c01_propertylist" */ = {
			isa = XCConfigurationList;
			buildConfigurations = (
				6693753A176AB9E900217CE5 /* Debug */,
				6693753B176AB9E900217CE5 /* Release */,
			);
			defaultConfigurationIsVisible = 0;
			defaultConfigurationName = Release;
		};
/* End XCConfigurationList section */
	};
	rootObject = 66937526176AB9E900217CE5 /* Project object */;
}
