// !$*UTF8*$!
{
	archiveVersion = 1;
	classes = {
	};
	objectVersion = 46;
	objects = {

/* Begin PBXBuildFile section */
		664F7914176AB7EC00FD2F52 /* c00_init_open.cpp in Sources */ = {isa = PBXBuildFile; fileRef = 664F7913176AB7EC00FD2F52 /* c00_init_open.cpp */; };
		664F7916176AB82300FD2F52 /* dcamapi.framework in Frameworks */ = {isa = PBXBuildFile; fileRef = 664F7915176AB82300FD2F52 /* dcamapi.framework */; };
/* End PBXBuildFile section */

/* Begin PBXCopyFilesBuildPhase section */
		664F78FF176AB70F00FD2F52 /* CopyFiles */ = {
			isa = PBXCopyFilesBuildPhase;
			buildActionMask = 2147483647;
			dstPath = /usr/share/man/man1/;
			dstSubfolderSpec = 0;
			files = (
			);
			runOnlyForDeploymentPostprocessing = 1;
		};
/* End PBXCopyFilesBuildPhase section */

/* Begin PBXFileReference section */
		664F7901176AB70F00FD2F52 /* c00_init_open */ = {isa = PBXFileReference; explicitFileType = "compiled.mach-o.executable"; includeInIndex = 0; path = c00_init_open; sourceTree = BUILT_PRODUCTS_DIR; };
		664F7913176AB7EC00FD2F52 /* c00_init_open.cpp */ = {isa = PBXFileReference; fileEncoding = 4; lastKnownFileType = sourcecode.cpp.cpp; path = c00_init_open.cpp; sourceTree = SOURCE_ROOT; };
		664F7915176AB82300FD2F52 /* dcamapi.framework */ = {isa = PBXFileReference; lastKnownFileType = wrapper.framework; name = dcamapi.framework; path = ../../../../../../../../../Library/Frameworks/dcamapi.framework; sourceTree = "<group>"; };
/* End PBXFileReference section */

/* Begin PBXFrameworksBuildPhase section */
		664F78FE176AB70F00FD2F52 /* Frameworks */ = {
			isa = PBXFrameworksBuildPhase;
			buildActionMask = 2147483647;
			files = (
				664F7916176AB82300FD2F52 /* dcamapi.framework in Frameworks */,
			);
			runOnlyForDeploymentPostprocessing = 0;
		};
/* End PBXFrameworksBuildPhase section */

/* Begin PBXGroup section */
		664F78F6176AB70E00FD2F52 = {
			isa = PBXGroup;
			children = (
				664F7915176AB82300FD2F52 /* dcamapi.framework */,
				664F7904176AB70F00FD2F52 /* c00_init_open */,
				664F7902176AB70F00FD2F52 /* Products */,
			);
			sourceTree = "<group>";
		};
		664F7902176AB70F00FD2F52 /* Products */ = {
			isa = PBXGroup;
			children = (
				664F7901176AB70F00FD2F52 /* c00_init_open */,
			);
			name = Products;
			sourceTree = "<group>";
		};
		664F7904176AB70F00FD2F52 /* c00_init_open */ = {
			isa = PBXGroup;
			children = (
				664F7913176AB7EC00FD2F52 /* c00_init_open.cpp */,
			);
			path = c00_init_open;
			sourceTree = "<group>";
		};
/* End PBXGroup section */

/* Begin PBXNativeTarget section */
		664F7900176AB70F00FD2F52 /* c00_init_open */ = {
			isa = PBXNativeTarget;
			buildConfigurationList = 664F790B176AB70F00FD2F52 /* Build configuration list for PBXNativeTarget "c00_init_open" */;
			buildPhases = (
				664F78FD176AB70F00FD2F52 /* Sources */,
				664F78FE176AB70F00FD2F52 /* Frameworks */,
				664F78FF176AB70F00FD2F52 /* CopyFiles */,
			);
			buildRules = (
			);
			dependencies = (
			);
			name = c00_init_open;
			productName = c00_init_open;
			productReference = 664F7901176AB70F00FD2F52 /* c00_init_open */;
			productType = "com.apple.product-type.tool";
		};
/* End PBXNativeTarget section */

/* Begin PBXProject section */
		664F78F8176AB70E00FD2F52 /* Project object */ = {
			isa = PBXProject;
			attributes = {
				ORGANIZATIONNAME = "浜松ホトニクス株式会社";
			};
			buildConfigurationList = 664F78FB176AB70E00FD2F52 /* Build configuration list for PBXProject "c00_init_open" */;
			compatibilityVersion = "Xcode 3.2";
			developmentRegion = English;
			hasScannedForEncodings = 0;
			knownRegions = (
				en,
			);
			mainGroup = 664F78F6176AB70E00FD2F52;
			productRefGroup = 664F7902176AB70F00FD2F52 /* Products */;
			projectDirPath = "";
			projectRoot = "";
			targets = (
				664F7900176AB70F00FD2F52 /* c00_init_open */,
			);
		};
/* End PBXProject section */

/* Begin PBXSourcesBuildPhase section */
		664F78FD176AB70F00FD2F52 /* Sources */ = {
			isa = PBXSourcesBuildPhase;
			buildActionMask = 2147483647;
			files = (
				664F7914176AB7EC00FD2F52 /* c00_init_open.cpp in Sources */,
			);
			runOnlyForDeploymentPostprocessing = 0;
		};
/* End PBXSourcesBuildPhase section */

/* Begin XCBuildConfiguration section */
		664F7909176AB70F00FD2F52 /* Debug */ = {
			isa = XCBuildConfiguration;
			buildSettings = {
				ALWAYS_SEARCH_USER_PATHS = NO;
				ARCHS = "$(ARCHS_STANDARD_64_BIT)";
				COPY_PHASE_STRIP = NO;
				GCC_C_LANGUAGE_STANDARD = gnu99;
				GCC_DYNAMIC_NO_PIC = NO;
				GCC_ENABLE_OBJC_EXCEPTIONS = YES;
				GCC_OPTIMIZATION_LEVEL = 0;
				GCC_PREPROCESSOR_DEFINITIONS = (
					"DEBUG=1",
					"$(inherited)",
				);
				GCC_SYMBOLS_PRIVATE_EXTERN = NO;
				GCC_VERSION = com.apple.compilers.llvm.clang.1_0;
				GCC_WARN_64_TO_32_BIT_CONVERSION = YES;
				GCC_WARN_ABOUT_MISSING_PROTOTYPES = YES;
				GCC_WARN_ABOUT_RETURN_TYPE = YES;
				GCC_WARN_UNUSED_VARIABLE = YES;
				MACOSX_DEPLOYMENT_TARGET = 10.7;
				ONLY_ACTIVE_ARCH = YES;
				SDKROOT = macosx;
			};
			name = Debug;
		};
		664F790A176AB70F00FD2F52 /* Release */ = {
			isa = XCBuildConfiguration;
			buildSettings = {
				ALWAYS_SEARCH_USER_PATHS = NO;
				ARCHS = "$(ARCHS_STANDARD_64_BIT)";
				COPY_PHASE_STRIP = YES;
				DEBUG_INFORMATION_FORMAT = "dwarf-with-dsym";
				GCC_C_LANGUAGE_STANDARD = gnu99;
				GCC_ENABLE_OBJC_EXCEPTIONS = YES;
				GCC_VERSION = com.apple.compilers.llvm.clang.1_0;
				GCC_WARN_64_TO_32_BIT_CONVERSION = YES;
				GCC_WARN_ABOUT_MISSING_PROTOTYPES = YES;
				GCC_WARN_ABOUT_RETURN_TYPE = YES;
				GCC_WARN_UNUSED_VARIABLE = YES;
				MACOSX_DEPLOYMENT_TARGET = 10.7;
				SDKROOT = macosx;
			};
			name = Release;
		};
		664F790C176AB70F00FD2F52 /* Debug */ = {
			isa = XCBuildConfiguration;
			buildSettings = {
				ARCHS = "$(ARCHS_STANDARD_32_BIT)";
				PRODUCT_NAME = "$(TARGET_NAME)";
				SDKROOT = "";
				VALID_ARCHS = i386;
			};
			name = Debug;
		};
		664F790D176AB70F00FD2F52 /* Release */ = {
			isa = XCBuildConfiguration;
			buildSettings = {
				ARCHS = "$(ARCHS_STANDARD_32_BIT)";
				PRODUCT_NAME = "$(TARGET_NAME)";
				SDKROOT = "";
				VALID_ARCHS = i386;
			};
			name = Release;
		};
/* End XCBuildConfiguration section */

/* Begin XCConfigurationList section */
		664F78FB176AB70E00FD2F52 /* Build configuration list for PBXProject "c00_init_open" */ = {
			isa = XCConfigurationList;
			buildConfigurations = (
				664F7909176AB70F00FD2F52 /* Debug */,
				664F790A176AB70F00FD2F52 /* Release */,
			);
			defaultConfigurationIsVisible = 0;
			defaultConfigurationName = Release;
		};
		664F790B176AB70F00FD2F52 /* Build configuration list for PBXNativeTarget "c00_init_open" */ = {
			isa = XCConfigurationList;
			buildConfigurations = (
				664F790C176AB70F00FD2F52 /* Debug */,
				664F790D176AB70F00FD2F52 /* Release */,
			);
			defaultConfigurationIsVisible = 0;
			defaultConfigurationName = Release;
		};
/* End XCConfigurationList section */
	};
	rootObject = 664F78F8176AB70E00FD2F52 /* Project object */;
}
