// !$*UTF8*$!
{
	archiveVersion = 1;
	classes = {
	};
	objectVersion = 46;
	objects = {

/* Begin PBXBuildFile section */
		667F6774176AFF710047A351 /* c11_intensity_monitor.cpp in Sources */ = {isa = PBXBuildFile; fileRef = 667F6773176AFF710047A351 /* c11_intensity_monitor.cpp */; };
		66D8D57017718B6F0091320F /* qthread.cpp in Sources */ = {isa = PBXBuildFile; fileRef = 66D8D56E17718B6F0091320F /* qthread.cpp */; };
		66D8D57217718B980091320F /* CoreServices.framework in Frameworks */ = {isa = PBXBuildFile; fileRef = 66D8D57117718B980091320F /* CoreServices.framework */; };
		66D8D57417718BAF0091320F /* dcamapi.framework in Frameworks */ = {isa = PBXBuildFile; fileRef = 66D8D57317718BAF0091320F /* dcamapi.framework */; };
/* End PBXBuildFile section */

/* Begin PBXCopyFilesBuildPhase section */
		667F675F176AFF510047A351 /* CopyFiles */ = {
			isa = PBXCopyFilesBuildPhase;
			buildActionMask = 2147483647;
			dstPath = /usr/share/man/man1/;
			dstSubfolderSpec = 0;
			files = (
			);
			runOnlyForDeploymentPostprocessing = 1;
		};
/* End PBXCopyFilesBuildPhase section */

/* Begin PBXFileReference section */
		667F6761176AFF510047A351 /* c11_intensity_monitor */ = {isa = PBXFileReference; explicitFileType = "compiled.mach-o.executable"; includeInIndex = 0; path = c11_intensity_monitor; sourceTree = BUILT_PRODUCTS_DIR; };
		667F6773176AFF710047A351 /* c11_intensity_monitor.cpp */ = {isa = PBXFileReference; fileEncoding = 4; lastKnownFileType = sourcecode.cpp.cpp; path = c11_intensity_monitor.cpp; sourceTree = SOURCE_ROOT; };
		66D8D56D17718B6F0091320F /* hdcamsignal.h */ = {isa = PBXFileReference; fileEncoding = 4; lastKnownFileType = sourcecode.c.h; path = hdcamsignal.h; sourceTree = SOURCE_ROOT; };
		66D8D56E17718B6F0091320F /* qthread.cpp */ = {isa = PBXFileReference; fileEncoding = 4; lastKnownFileType = sourcecode.cpp.cpp; path = qthread.cpp; sourceTree = SOURCE_ROOT; };
		66D8D56F17718B6F0091320F /* qthread.h */ = {isa = PBXFileReference; fileEncoding = 4; lastKnownFileType = sourcecode.c.h; path = qthread.h; sourceTree = SOURCE_ROOT; };
		66D8D57117718B980091320F /* CoreServices.framework */ = {isa = PBXFileReference; lastKnownFileType = wrapper.framework; name = CoreServices.framework; path = ../../../../../../../../../../../../System/Library/Frameworks/CoreServices.framework; sourceTree = "<group>"; };
		66D8D57317718BAF0091320F /* dcamapi.framework */ = {isa = PBXFileReference; lastKnownFileType = wrapper.framework; name = dcamapi.framework; path = ../../../../../../../../../../../../Library/Frameworks/dcamapi.framework; sourceTree = "<group>"; };
/* End PBXFileReference section */

/* Begin PBXFrameworksBuildPhase section */
		667F675E176AFF510047A351 /* Frameworks */ = {
			isa = PBXFrameworksBuildPhase;
			buildActionMask = 2147483647;
			files = (
				66D8D57217718B980091320F /* CoreServices.framework in Frameworks */,
				66D8D57417718BAF0091320F /* dcamapi.framework in Frameworks */,
			);
			runOnlyForDeploymentPostprocessing = 0;
		};
/* End PBXFrameworksBuildPhase section */

/* Begin PBXGroup section */
		667F6756176AFF510047A351 = {
			isa = PBXGroup;
			children = (
				66D8D57317718BAF0091320F /* dcamapi.framework */,
				66D8D57117718B980091320F /* CoreServices.framework */,
				667F6764176AFF510047A351 /* c11_intensity_monitor */,
				667F6762176AFF510047A351 /* Products */,
			);
			sourceTree = "<group>";
		};
		667F6762176AFF510047A351 /* Products */ = {
			isa = PBXGroup;
			children = (
				667F6761176AFF510047A351 /* c11_intensity_monitor */,
			);
			name = Products;
			sourceTree = "<group>";
		};
		667F6764176AFF510047A351 /* c11_intensity_monitor */ = {
			isa = PBXGroup;
			children = (
				667F6773176AFF710047A351 /* c11_intensity_monitor.cpp */,
				66D8D56D17718B6F0091320F /* hdcamsignal.h */,
				66D8D56E17718B6F0091320F /* qthread.cpp */,
				66D8D56F17718B6F0091320F /* qthread.h */,
			);
			path = c11_intensity_monitor;
			sourceTree = "<group>";
		};
/* End PBXGroup section */

/* Begin PBXNativeTarget section */
		667F6760176AFF510047A351 /* c11_intensity_monitor */ = {
			isa = PBXNativeTarget;
			buildConfigurationList = 667F676B176AFF510047A351 /* Build configuration list for PBXNativeTarget "c11_intensity_monitor" */;
			buildPhases = (
				667F675D176AFF510047A351 /* Sources */,
				667F675E176AFF510047A351 /* Frameworks */,
				667F675F176AFF510047A351 /* CopyFiles */,
			);
			buildRules = (
			);
			dependencies = (
			);
			name = c11_intensity_monitor;
			productName = c11_intensity_monitor;
			productReference = 667F6761176AFF510047A351 /* c11_intensity_monitor */;
			productType = "com.apple.product-type.tool";
		};
/* End PBXNativeTarget section */

/* Begin PBXProject section */
		667F6758176AFF510047A351 /* Project object */ = {
			isa = PBXProject;
			attributes = {
				ORGANIZATIONNAME = "浜松ホトニクス株式会社";
			};
			buildConfigurationList = 667F675B176AFF510047A351 /* Build configuration list for PBXProject "c11_intensity_monitor" */;
			compatibilityVersion = "Xcode 3.2";
			developmentRegion = English;
			hasScannedForEncodings = 0;
			knownRegions = (
				en,
			);
			mainGroup = 667F6756176AFF510047A351;
			productRefGroup = 667F6762176AFF510047A351 /* Products */;
			projectDirPath = "";
			projectRoot = "";
			targets = (
				667F6760176AFF510047A351 /* c11_intensity_monitor */,
			);
		};
/* End PBXProject section */

/* Begin PBXSourcesBuildPhase section */
		667F675D176AFF510047A351 /* Sources */ = {
			isa = PBXSourcesBuildPhase;
			buildActionMask = 2147483647;
			files = (
				667F6774176AFF710047A351 /* c11_intensity_monitor.cpp in Sources */,
				66D8D57017718B6F0091320F /* qthread.cpp in Sources */,
			);
			runOnlyForDeploymentPostprocessing = 0;
		};
/* End PBXSourcesBuildPhase section */

/* Begin XCBuildConfiguration section */
		667F6769176AFF510047A351 /* Debug */ = {
			isa = XCBuildConfiguration;
			buildSettings = {
				ALWAYS_SEARCH_USER_PATHS = NO;
				ARCHS = "$(ARCHS_STANDARD_64_BIT)";
				COPY_PHASE_STRIP = NO;
				GCC_C_LANGUAGE_STANDARD = gnu99;
				GCC_DYNAMIC_NO_PIC = NO;
				GCC_ENABLE_OBJC_EXCEPTIONS = YES;
				GCC_OPTIMIZATION_LEVEL = 0;
				GCC_PREPROCESSOR_DEFINITIONS = (
					"DEBUG=1",
					"$(inherited)",
				);
				GCC_SYMBOLS_PRIVATE_EXTERN = NO;
				GCC_VERSION = com.apple.compilers.llvm.clang.1_0;
				GCC_WARN_64_TO_32_BIT_CONVERSION = YES;
				GCC_WARN_ABOUT_MISSING_PROTOTYPES = YES;
				GCC_WARN_ABOUT_RETURN_TYPE = YES;
				GCC_WARN_UNUSED_VARIABLE = YES;
				MACOSX_DEPLOYMENT_TARGET = 10.7;
				ONLY_ACTIVE_ARCH = YES;
				SDKROOT = macosx;
			};
			name = Debug;
		};
		667F676A176AFF510047A351 /* Release */ = {
			isa = XCBuildConfiguration;
			buildSettings = {
				ALWAYS_SEARCH_USER_PATHS = NO;
				ARCHS = "$(ARCHS_STANDARD_64_BIT)";
				COPY_PHASE_STRIP = YES;
				DEBUG_INFORMATION_FORMAT = "dwarf-with-dsym";
				GCC_C_LANGUAGE_STANDARD = gnu99;
				GCC_ENABLE_OBJC_EXCEPTIONS = YES;
				GCC_VERSION = com.apple.compilers.llvm.clang.1_0;
				GCC_WARN_64_TO_32_BIT_CONVERSION = YES;
				GCC_WARN_ABOUT_MISSING_PROTOTYPES = YES;
				GCC_WARN_ABOUT_RETURN_TYPE = YES;
				GCC_WARN_UNUSED_VARIABLE = YES;
				MACOSX_DEPLOYMENT_TARGET = 10.7;
				SDKROOT = macosx;
			};
			name = Release;
		};
		667F676C176AFF510047A351 /* Debug */ = {
			isa = XCBuildConfiguration;
			buildSettings = {
				ARCHS = "$(ARCHS_STANDARD_32_BIT)";
				PRODUCT_NAME = "$(TARGET_NAME)";
				SDKROOT = "";
				VALID_ARCHS = i386;
			};
			name = Debug;
		};
		667F676D176AFF510047A351 /* Release */ = {
			isa = XCBuildConfiguration;
			buildSettings = {
				ARCHS = "$(ARCHS_STANDARD_32_BIT)";
				PRODUCT_NAME = "$(TARGET_NAME)";
				SDKROOT = "";
				VALID_ARCHS = i386;
			};
			name = Release;
		};
/* End XCBuildConfiguration section */

/* Begin XCConfigurationList section */
		667F675B176AFF510047A351 /* Build configuration list for PBXProject "c11_intensity_monitor" */ = {
			isa = XCConfigurationList;
			buildConfigurations = (
				667F6769176AFF510047A351 /* Debug */,
				667F676A176AFF510047A351 /* Release */,
			);
			defaultConfigurationIsVisible = 0;
			defaultConfigurationName = Release;
		};
		667F676B176AFF510047A351 /* Build configuration list for PBXNativeTarget "c11_intensity_monitor" */ = {
			isa = XCConfigurationList;
			buildConfigurations = (
				667F676C176AFF510047A351 /* Debug */,
				667F676D176AFF510047A351 /* Release */,
			);
			defaultConfigurationIsVisible = 0;
			defaultConfigurationName = Release;
		};
/* End XCConfigurationList section */
	};
	rootObject = 667F6758176AFF510047A351 /* Project object */;
}
