// !$*UTF8*$!
{
	archiveVersion = 1;
	classes = {
	};
	objectVersion = 46;
	objects = {

/* Begin PBXBuildFile section */
		6693758B176AF5AB00217CE5 /* c03_featurelist.cpp in Sources */ = {isa = PBXBuildFile; fileRef = 6693758A176AF5AB00217CE5 /* c03_featurelist.cpp */; };
		6693758E176AF5B500217CE5 /* dcamapi.framework in Frameworks */ = {isa = PBXBuildFile; fileRef = 6693758D176AF5B500217CE5 /* dcamapi.framework */; };
/* End PBXBuildFile section */

/* Begin PBXCopyFilesBuildPhase section */
		66937577176AF57300217CE5 /* CopyFiles */ = {
			isa = PBXCopyFilesBuildPhase;
			buildActionMask = 2147483647;
			dstPath = /usr/share/man/man1/;
			dstSubfolderSpec = 0;
			files = (
			);
			runOnlyForDeploymentPostprocessing = 1;
		};
/* End PBXCopyFilesBuildPhase section */

/* Begin PBXFileReference section */
		66937579176AF57300217CE5 /* c03_featurelist */ = {isa = PBXFileReference; explicitFileType = "compiled.mach-o.executable"; includeInIndex = 0; path = c03_featurelist; sourceTree = BUILT_PRODUCTS_DIR; };
		6693758A176AF5AB00217CE5 /* c03_featurelist.cpp */ = {isa = PBXFileReference; fileEncoding = 4; lastKnownFileType = sourcecode.cpp.cpp; path = c03_featurelist.cpp; sourceTree = SOURCE_ROOT; };
		6693758D176AF5B500217CE5 /* dcamapi.framework */ = {isa = PBXFileReference; lastKnownFileType = wrapper.framework; name = dcamapi.framework; path = ../../../../../../../../../Library/Frameworks/dcamapi.framework; sourceTree = "<group>"; };
/* End PBXFileReference section */

/* Begin PBXFrameworksBuildPhase section */
		66937576176AF57300217CE5 /* Frameworks */ = {
			isa = PBXFrameworksBuildPhase;
			buildActionMask = 2147483647;
			files = (
				6693758E176AF5B500217CE5 /* dcamapi.framework in Frameworks */,
			);
			runOnlyForDeploymentPostprocessing = 0;
		};
/* End PBXFrameworksBuildPhase section */

/* Begin PBXGroup section */
		6693756E176AF57300217CE5 = {
			isa = PBXGroup;
			children = (
				6693758D176AF5B500217CE5 /* dcamapi.framework */,
				6693757C176AF57300217CE5 /* c03_featurelist */,
				6693757A176AF57300217CE5 /* Products */,
			);
			sourceTree = "<group>";
		};
		6693757A176AF57300217CE5 /* Products */ = {
			isa = PBXGroup;
			children = (
				66937579176AF57300217CE5 /* c03_featurelist */,
			);
			name = Products;
			sourceTree = "<group>";
		};
		6693757C176AF57300217CE5 /* c03_featurelist */ = {
			isa = PBXGroup;
			children = (
				6693758A176AF5AB00217CE5 /* c03_featurelist.cpp */,
			);
			path = c03_featurelist;
			sourceTree = "<group>";
		};
/* End PBXGroup section */

/* Begin PBXNativeTarget section */
		66937578176AF57300217CE5 /* c03_featurelist */ = {
			isa = PBXNativeTarget;
			buildConfigurationList = 66937583176AF57300217CE5 /* Build configuration list for PBXNativeTarget "c03_featurelist" */;
			buildPhases = (
				66937575176AF57300217CE5 /* Sources */,
				66937576176AF57300217CE5 /* Frameworks */,
				66937577176AF57300217CE5 /* CopyFiles */,
			);
			buildRules = (
			);
			dependencies = (
			);
			name = c03_featurelist;
			productName = c03_featurelist;
			productReference = 66937579176AF57300217CE5 /* c03_featurelist */;
			productType = "com.apple.product-type.tool";
		};
/* End PBXNativeTarget section */

/* Begin PBXProject section */
		66937570176AF57300217CE5 /* Project object */ = {
			isa = PBXProject;
			attributes = {
				ORGANIZATIONNAME = "浜松ホトニクス株式会社";
			};
			buildConfigurationList = 66937573176AF57300217CE5 /* Build configuration list for PBXProject "c03_featurelist" */;
			compatibilityVersion = "Xcode 3.2";
			developmentRegion = English;
			hasScannedForEncodings = 0;
			knownRegions = (
				en,
			);
			mainGroup = 6693756E176AF57300217CE5;
			productRefGroup = 6693757A176AF57300217CE5 /* Products */;
			projectDirPath = "";
			projectRoot = "";
			targets = (
				66937578176AF57300217CE5 /* c03_featurelist */,
			);
		};
/* End PBXProject section */

/* Begin PBXSourcesBuildPhase section */
		66937575176AF57300217CE5 /* Sources */ = {
			isa = PBXSourcesBuildPhase;
			buildActionMask = 2147483647;
			files = (
				6693758B176AF5AB00217CE5 /* c03_featurelist.cpp in Sources */,
			);
			runOnlyForDeploymentPostprocessing = 0;
		};
/* End PBXSourcesBuildPhase section */

/* Begin XCBuildConfiguration section */
		66937581176AF57300217CE5 /* Debug */ = {
			isa = XCBuildConfiguration;
			buildSettings = {
				ALWAYS_SEARCH_USER_PATHS = NO;
				ARCHS = "$(ARCHS_STANDARD_64_BIT)";
				COPY_PHASE_STRIP = NO;
				GCC_C_LANGUAGE_STANDARD = gnu99;
				GCC_DYNAMIC_NO_PIC = NO;
				GCC_ENABLE_OBJC_EXCEPTIONS = YES;
				GCC_OPTIMIZATION_LEVEL = 0;
				GCC_PREPROCESSOR_DEFINITIONS = (
					"DEBUG=1",
					"$(inherited)",
				);
				GCC_SYMBOLS_PRIVATE_EXTERN = NO;
				GCC_VERSION = com.apple.compilers.llvm.clang.1_0;
				GCC_WARN_64_TO_32_BIT_CONVERSION = YES;
				GCC_WARN_ABOUT_MISSING_PROTOTYPES = YES;
				GCC_WARN_ABOUT_RETURN_TYPE = YES;
				GCC_WARN_UNUSED_VARIABLE = YES;
				MACOSX_DEPLOYMENT_TARGET = 10.7;
				ONLY_ACTIVE_ARCH = YES;
				SDKROOT = macosx;
			};
			name = Debug;
		};
		66937582176AF57300217CE5 /* Release */ = {
			isa = XCBuildConfiguration;
			buildSettings = {
				ALWAYS_SEARCH_USER_PATHS = NO;
				ARCHS = "$(ARCHS_STANDARD_64_BIT)";
				COPY_PHASE_STRIP = YES;
				DEBUG_INFORMATION_FORMAT = "dwarf-with-dsym";
				GCC_C_LANGUAGE_STANDARD = gnu99;
				GCC_ENABLE_OBJC_EXCEPTIONS = YES;
				GCC_VERSION = com.apple.compilers.llvm.clang.1_0;
				GCC_WARN_64_TO_32_BIT_CONVERSION = YES;
				GCC_WARN_ABOUT_MISSING_PROTOTYPES = YES;
				GCC_WARN_ABOUT_RETURN_TYPE = YES;
				GCC_WARN_UNUSED_VARIABLE = YES;
				MACOSX_DEPLOYMENT_TARGET = 10.7;
				SDKROOT = macosx;
			};
			name = Release;
		};
		66937584176AF57300217CE5 /* Debug */ = {
			isa = XCBuildConfiguration;
			buildSettings = {
				ARCHS = "$(ARCHS_STANDARD_32_BIT)";
				PRODUCT_NAME = "$(TARGET_NAME)";
				SDKROOT = "";
				VALID_ARCHS = i386;
			};
			name = Debug;
		};
		66937585176AF57300217CE5 /* Release */ = {
			isa = XCBuildConfiguration;
			buildSettings = {
				ARCHS = "$(ARCHS_STANDARD_32_BIT)";
				PRODUCT_NAME = "$(TARGET_NAME)";
				SDKROOT = "";
				VALID_ARCHS = i386;
			};
			name = Release;
		};
/* End XCBuildConfiguration section */

/* Begin XCConfigurationList section */
		66937573176AF57300217CE5 /* Build configuration list for PBXProject "c03_featurelist" */ = {
			isa = XCConfigurationList;
			buildConfigurations = (
				66937581176AF57300217CE5 /* Debug */,
				66937582176AF57300217CE5 /* Release */,
			);
			defaultConfigurationIsVisible = 0;
			defaultConfigurationName = Release;
		};
		66937583176AF57300217CE5 /* Build configuration list for PBXNativeTarget "c03_featurelist" */ = {
			isa = XCConfigurationList;
			buildConfigurations = (
				66937584176AF57300217CE5 /* Debug */,
				66937585176AF57300217CE5 /* Release */,
			);
			defaultConfigurationIsVisible = 0;
			defaultConfigurationName = Release;
		};
/* End XCConfigurationList section */
	};
	rootObject = 66937570176AF57300217CE5 /* Project object */;
}
