
Microsoft Visual Studio Solution File, Format Version 10.00
# Visual Studio 2008
Project("{8BC9CEB8-8B4A-11D0-8D11-00A0C91BC942}") = "c03_featurelist", "c03_featurelist.vcproj", "{C81B8C78-16BD-4574-A271-24F3AFD40FDF}"
EndProject
Global
	GlobalSection(SolutionConfigurationPlatforms) = preSolution
		Debug|Win32 = Debug|Win32
		Debug|x64 = Debug|x64
		Release|Win32 = Release|Win32
		Release|x64 = Release|x64
	EndGlobalSection
	GlobalSection(ProjectConfigurationPlatforms) = postSolution
		{C81B8C78-16BD-4574-A271-24F3AFD40FDF}.Debug|Win32.ActiveCfg = Debug|Win32
		{C81B8C78-16BD-4574-A271-24F3AFD40FDF}.Debug|Win32.Build.0 = Debug|Win32
		{C81B8C78-16BD-4574-A271-24F3AFD40FDF}.Debug|x64.ActiveCfg = Debug|x64
		{C81B8C78-16BD-4574-A271-24F3AFD40FDF}.Debug|x64.Build.0 = Debug|x64
		{C81B8C78-16BD-4574-A271-24F3AFD40FDF}.Release|Win32.ActiveCfg = Release|Win32
		{C81B8C78-16BD-4574-A271-24F3AFD40FDF}.Release|Win32.Build.0 = Release|Win32
		{C81B8C78-16BD-4574-A271-24F3AFD40FDF}.Release|x64.ActiveCfg = Release|x64
		{C81B8C78-16BD-4574-A271-24F3AFD40FDF}.Release|x64.Build.0 = Release|x64
	EndGlobalSection
	GlobalSection(SolutionProperties) = preSolution
		HideSolutionNode = FALSE
	EndGlobalSection
EndGlobal
