// !$*UTF8*$!
{
	archiveVersion = 1;
	classes = {
	};
	objectVersion = 46;
	objects = {

/* Begin PBXBuildFile section */
		667F67BD176B004D0047A351 /* c28_fire_wait_lock.cpp in Sources */ = {isa = PBXBuildFile; fileRef = 667F67BC176B004D0047A351 /* c28_fire_wait_lock.cpp */; };
		667F67BF176B00520047A351 /* dcamapi.framework in Frameworks */ = {isa = PBXBuildFile; fileRef = 667F67BE176B00520047A351 /* dcamapi.framework */; };
/* End PBXBuildFile section */

/* Begin PBXCopyFilesBuildPhase section */
		667F67A8176B00220047A351 /* CopyFiles */ = {
			isa = PBXCopyFilesBuildPhase;
			buildActionMask = 2147483647;
			dstPath = /usr/share/man/man1/;
			dstSubfolderSpec = 0;
			files = (
			);
			runOnlyForDeploymentPostprocessing = 1;
		};
/* End PBXCopyFilesBuildPhase section */

/* Begin PBXFileReference section */
		667F67AA176B00220047A351 /* c28_fire_wait_lock */ = {isa = PBXFileReference; explicitFileType = "compiled.mach-o.executable"; includeInIndex = 0; path = c28_fire_wait_lock; sourceTree = BUILT_PRODUCTS_DIR; };
		667F67BC176B004D0047A351 /* c28_fire_wait_lock.cpp */ = {isa = PBXFileReference; fileEncoding = 4; lastKnownFileType = sourcecode.cpp.cpp; path = c28_fire_wait_lock.cpp; sourceTree = SOURCE_ROOT; };
		667F67BE176B00520047A351 /* dcamapi.framework */ = {isa = PBXFileReference; lastKnownFileType = wrapper.framework; name = dcamapi.framework; path = ../../../../../../../../../Library/Frameworks/dcamapi.framework; sourceTree = "<group>"; };
/* End PBXFileReference section */

/* Begin PBXFrameworksBuildPhase section */
		667F67A7176B00220047A351 /* Frameworks */ = {
			isa = PBXFrameworksBuildPhase;
			buildActionMask = 2147483647;
			files = (
				667F67BF176B00520047A351 /* dcamapi.framework in Frameworks */,
			);
			runOnlyForDeploymentPostprocessing = 0;
		};
/* End PBXFrameworksBuildPhase section */

/* Begin PBXGroup section */
		667F679F176B00220047A351 = {
			isa = PBXGroup;
			children = (
				667F67BE176B00520047A351 /* dcamapi.framework */,
				667F67AD176B00220047A351 /* c28_fire_wait_lock */,
				667F67AB176B00220047A351 /* Products */,
			);
			sourceTree = "<group>";
		};
		667F67AB176B00220047A351 /* Products */ = {
			isa = PBXGroup;
			children = (
				667F67AA176B00220047A351 /* c28_fire_wait_lock */,
			);
			name = Products;
			sourceTree = "<group>";
		};
		667F67AD176B00220047A351 /* c28_fire_wait_lock */ = {
			isa = PBXGroup;
			children = (
				667F67BC176B004D0047A351 /* c28_fire_wait_lock.cpp */,
			);
			path = c28_fire_wait_lock;
			sourceTree = "<group>";
		};
/* End PBXGroup section */

/* Begin PBXNativeTarget section */
		667F67A9176B00220047A351 /* c28_fire_wait_lock */ = {
			isa = PBXNativeTarget;
			buildConfigurationList = 667F67B4176B00220047A351 /* Build configuration list for PBXNativeTarget "c28_fire_wait_lock" */;
			buildPhases = (
				667F67A6176B00220047A351 /* Sources */,
				667F67A7176B00220047A351 /* Frameworks */,
				667F67A8176B00220047A351 /* CopyFiles */,
			);
			buildRules = (
			);
			dependencies = (
			);
			name = c28_fire_wait_lock;
			productName = c28_fire_wait_lock;
			productReference = 667F67AA176B00220047A351 /* c28_fire_wait_lock */;
			productType = "com.apple.product-type.tool";
		};
/* End PBXNativeTarget section */

/* Begin PBXProject section */
		667F67A1176B00220047A351 /* Project object */ = {
			isa = PBXProject;
			attributes = {
				ORGANIZATIONNAME = "浜松ホトニクス株式会社";
			};
			buildConfigurationList = 667F67A4176B00220047A351 /* Build configuration list for PBXProject "c28_fire_wait_lock" */;
			compatibilityVersion = "Xcode 3.2";
			developmentRegion = English;
			hasScannedForEncodings = 0;
			knownRegions = (
				en,
			);
			mainGroup = 667F679F176B00220047A351;
			productRefGroup = 667F67AB176B00220047A351 /* Products */;
			projectDirPath = "";
			projectRoot = "";
			targets = (
				667F67A9176B00220047A351 /* c28_fire_wait_lock */,
			);
		};
/* End PBXProject section */

/* Begin PBXSourcesBuildPhase section */
		667F67A6176B00220047A351 /* Sources */ = {
			isa = PBXSourcesBuildPhase;
			buildActionMask = 2147483647;
			files = (
				667F67BD176B004D0047A351 /* c28_fire_wait_lock.cpp in Sources */,
			);
			runOnlyForDeploymentPostprocessing = 0;
		};
/* End PBXSourcesBuildPhase section */

/* Begin XCBuildConfiguration section */
		667F67B2176B00220047A351 /* Debug */ = {
			isa = XCBuildConfiguration;
			buildSettings = {
				ALWAYS_SEARCH_USER_PATHS = NO;
				ARCHS = "$(ARCHS_STANDARD_64_BIT)";
				COPY_PHASE_STRIP = NO;
				GCC_C_LANGUAGE_STANDARD = gnu99;
				GCC_DYNAMIC_NO_PIC = NO;
				GCC_ENABLE_OBJC_EXCEPTIONS = YES;
				GCC_OPTIMIZATION_LEVEL = 0;
				GCC_PREPROCESSOR_DEFINITIONS = (
					"DEBUG=1",
					"$(inherited)",
				);
				GCC_SYMBOLS_PRIVATE_EXTERN = NO;
				GCC_VERSION = com.apple.compilers.llvm.clang.1_0;
				GCC_WARN_64_TO_32_BIT_CONVERSION = YES;
				GCC_WARN_ABOUT_MISSING_PROTOTYPES = YES;
				GCC_WARN_ABOUT_RETURN_TYPE = YES;
				GCC_WARN_UNUSED_VARIABLE = YES;
				MACOSX_DEPLOYMENT_TARGET = 10.7;
				ONLY_ACTIVE_ARCH = YES;
				SDKROOT = macosx;
			};
			name = Debug;
		};
		667F67B3176B00220047A351 /* Release */ = {
			isa = XCBuildConfiguration;
			buildSettings = {
				ALWAYS_SEARCH_USER_PATHS = NO;
				ARCHS = "$(ARCHS_STANDARD_64_BIT)";
				COPY_PHASE_STRIP = YES;
				DEBUG_INFORMATION_FORMAT = "dwarf-with-dsym";
				GCC_C_LANGUAGE_STANDARD = gnu99;
				GCC_ENABLE_OBJC_EXCEPTIONS = YES;
				GCC_VERSION = com.apple.compilers.llvm.clang.1_0;
				GCC_WARN_64_TO_32_BIT_CONVERSION = YES;
				GCC_WARN_ABOUT_MISSING_PROTOTYPES = YES;
				GCC_WARN_ABOUT_RETURN_TYPE = YES;
				GCC_WARN_UNUSED_VARIABLE = YES;
				MACOSX_DEPLOYMENT_TARGET = 10.7;
				SDKROOT = macosx;
			};
			name = Release;
		};
		667F67B5176B00220047A351 /* Debug */ = {
			isa = XCBuildConfiguration;
			buildSettings = {
				ARCHS = "$(ARCHS_STANDARD_32_BIT)";
				PRODUCT_NAME = "$(TARGET_NAME)";
				SDKROOT = "";
				VALID_ARCHS = i386;
			};
			name = Debug;
		};
		667F67B6176B00220047A351 /* Release */ = {
			isa = XCBuildConfiguration;
			buildSettings = {
				ARCHS = "$(ARCHS_STANDARD_32_BIT)";
				PRODUCT_NAME = "$(TARGET_NAME)";
				SDKROOT = "";
				VALID_ARCHS = i386;
			};
			name = Release;
		};
/* End XCBuildConfiguration section */

/* Begin XCConfigurationList section */
		667F67A4176B00220047A351 /* Build configuration list for PBXProject "c28_fire_wait_lock" */ = {
			isa = XCConfigurationList;
			buildConfigurations = (
				667F67B2176B00220047A351 /* Debug */,
				667F67B3176B00220047A351 /* Release */,
			);
			defaultConfigurationIsVisible = 0;
			defaultConfigurationName = Release;
		};
		667F67B4176B00220047A351 /* Build configuration list for PBXNativeTarget "c28_fire_wait_lock" */ = {
			isa = XCConfigurationList;
			buildConfigurations = (
				667F67B5176B00220047A351 /* Debug */,
				667F67B6176B00220047A351 /* Release */,
			);
			defaultConfigurationIsVisible = 0;
			defaultConfigurationName = Release;
		};
/* End XCConfigurationList section */
	};
	rootObject = 667F67A1176B00220047A351 /* Project object */;
}
