// !$*UTF8*$!
{
	archiveVersion = 1;
	classes = {
	};
	objectVersion = 46;
	objects = {

/* Begin PBXBuildFile section */
		669375AD176AF6B900217CE5 /* c05_dcamwait.cpp in Sources */ = {isa = PBXBuildFile; fileRef = 669375AC176AF6B900217CE5 /* c05_dcamwait.cpp */; };
		669375AF176AF6C000217CE5 /* dcamapi.framework in Frameworks */ = {isa = PBXBuildFile; fileRef = 669375AE176AF6C000217CE5 /* dcamapi.framework */; };
/* End PBXBuildFile section */

/* Begin PBXCopyFilesBuildPhase section */
		66937598176AF68E00217CE5 /* CopyFiles */ = {
			isa = PBXCopyFilesBuildPhase;
			buildActionMask = 2147483647;
			dstPath = /usr/share/man/man1/;
			dstSubfolderSpec = 0;
			files = (
			);
			runOnlyForDeploymentPostprocessing = 1;
		};
/* End PBXCopyFilesBuildPhase section */

/* Begin PBXFileReference section */
		6693759A176AF68E00217CE5 /* c05_dcamwait */ = {isa = PBXFileReference; explicitFileType = "compiled.mach-o.executable"; includeInIndex = 0; path = c05_dcamwait; sourceTree = BUILT_PRODUCTS_DIR; };
		669375AC176AF6B900217CE5 /* c05_dcamwait.cpp */ = {isa = PBXFileReference; fileEncoding = 4; lastKnownFileType = sourcecode.cpp.cpp; path = c05_dcamwait.cpp; sourceTree = SOURCE_ROOT; };
		669375AE176AF6C000217CE5 /* dcamapi.framework */ = {isa = PBXFileReference; lastKnownFileType = wrapper.framework; name = dcamapi.framework; path = ../../../../../../../../../Library/Frameworks/dcamapi.framework; sourceTree = "<group>"; };
/* End PBXFileReference section */

/* Begin PBXFrameworksBuildPhase section */
		66937597176AF68E00217CE5 /* Frameworks */ = {
			isa = PBXFrameworksBuildPhase;
			buildActionMask = 2147483647;
			files = (
				669375AF176AF6C000217CE5 /* dcamapi.framework in Frameworks */,
			);
			runOnlyForDeploymentPostprocessing = 0;
		};
/* End PBXFrameworksBuildPhase section */

/* Begin PBXGroup section */
		6693758F176AF68D00217CE5 = {
			isa = PBXGroup;
			children = (
				669375AE176AF6C000217CE5 /* dcamapi.framework */,
				6693759D176AF68E00217CE5 /* c05_dcamwait */,
				6693759B176AF68E00217CE5 /* Products */,
			);
			sourceTree = "<group>";
		};
		6693759B176AF68E00217CE5 /* Products */ = {
			isa = PBXGroup;
			children = (
				6693759A176AF68E00217CE5 /* c05_dcamwait */,
			);
			name = Products;
			sourceTree = "<group>";
		};
		6693759D176AF68E00217CE5 /* c05_dcamwait */ = {
			isa = PBXGroup;
			children = (
				669375AC176AF6B900217CE5 /* c05_dcamwait.cpp */,
			);
			path = c05_dcamwait;
			sourceTree = "<group>";
		};
/* End PBXGroup section */

/* Begin PBXNativeTarget section */
		66937599176AF68E00217CE5 /* c05_dcamwait */ = {
			isa = PBXNativeTarget;
			buildConfigurationList = 669375A4176AF68E00217CE5 /* Build configuration list for PBXNativeTarget "c05_dcamwait" */;
			buildPhases = (
				66937596176AF68E00217CE5 /* Sources */,
				66937597176AF68E00217CE5 /* Frameworks */,
				66937598176AF68E00217CE5 /* CopyFiles */,
			);
			buildRules = (
			);
			dependencies = (
			);
			name = c05_dcamwait;
			productName = c05_dcamwait;
			productReference = 6693759A176AF68E00217CE5 /* c05_dcamwait */;
			productType = "com.apple.product-type.tool";
		};
/* End PBXNativeTarget section */

/* Begin PBXProject section */
		66937591176AF68D00217CE5 /* Project object */ = {
			isa = PBXProject;
			attributes = {
				ORGANIZATIONNAME = "浜松ホトニクス株式会社";
			};
			buildConfigurationList = 66937594176AF68D00217CE5 /* Build configuration list for PBXProject "c05_dcamwait" */;
			compatibilityVersion = "Xcode 3.2";
			developmentRegion = English;
			hasScannedForEncodings = 0;
			knownRegions = (
				en,
			);
			mainGroup = 6693758F176AF68D00217CE5;
			productRefGroup = 6693759B176AF68E00217CE5 /* Products */;
			projectDirPath = "";
			projectRoot = "";
			targets = (
				66937599176AF68E00217CE5 /* c05_dcamwait */,
			);
		};
/* End PBXProject section */

/* Begin PBXSourcesBuildPhase section */
		66937596176AF68E00217CE5 /* Sources */ = {
			isa = PBXSourcesBuildPhase;
			buildActionMask = 2147483647;
			files = (
				669375AD176AF6B900217CE5 /* c05_dcamwait.cpp in Sources */,
			);
			runOnlyForDeploymentPostprocessing = 0;
		};
/* End PBXSourcesBuildPhase section */

/* Begin XCBuildConfiguration section */
		669375A2176AF68E00217CE5 /* Debug */ = {
			isa = XCBuildConfiguration;
			buildSettings = {
				ALWAYS_SEARCH_USER_PATHS = NO;
				ARCHS = "$(ARCHS_STANDARD_64_BIT)";
				COPY_PHASE_STRIP = NO;
				GCC_C_LANGUAGE_STANDARD = gnu99;
				GCC_DYNAMIC_NO_PIC = NO;
				GCC_ENABLE_OBJC_EXCEPTIONS = YES;
				GCC_OPTIMIZATION_LEVEL = 0;
				GCC_PREPROCESSOR_DEFINITIONS = (
					"DEBUG=1",
					"$(inherited)",
				);
				GCC_SYMBOLS_PRIVATE_EXTERN = NO;
				GCC_VERSION = com.apple.compilers.llvm.clang.1_0;
				GCC_WARN_64_TO_32_BIT_CONVERSION = YES;
				GCC_WARN_ABOUT_MISSING_PROTOTYPES = YES;
				GCC_WARN_ABOUT_RETURN_TYPE = YES;
				GCC_WARN_UNUSED_VARIABLE = YES;
				MACOSX_DEPLOYMENT_TARGET = 10.7;
				ONLY_ACTIVE_ARCH = YES;
				SDKROOT = macosx;
			};
			name = Debug;
		};
		669375A3176AF68E00217CE5 /* Release */ = {
			isa = XCBuildConfiguration;
			buildSettings = {
				ALWAYS_SEARCH_USER_PATHS = NO;
				ARCHS = "$(ARCHS_STANDARD_64_BIT)";
				COPY_PHASE_STRIP = YES;
				DEBUG_INFORMATION_FORMAT = "dwarf-with-dsym";
				GCC_C_LANGUAGE_STANDARD = gnu99;
				GCC_ENABLE_OBJC_EXCEPTIONS = YES;
				GCC_VERSION = com.apple.compilers.llvm.clang.1_0;
				GCC_WARN_64_TO_32_BIT_CONVERSION = YES;
				GCC_WARN_ABOUT_MISSING_PROTOTYPES = YES;
				GCC_WARN_ABOUT_RETURN_TYPE = YES;
				GCC_WARN_UNUSED_VARIABLE = YES;
				MACOSX_DEPLOYMENT_TARGET = 10.7;
				SDKROOT = macosx;
			};
			name = Release;
		};
		669375A5176AF68E00217CE5 /* Debug */ = {
			isa = XCBuildConfiguration;
			buildSettings = {
				ARCHS = "$(ARCHS_STANDARD_32_BIT)";
				PRODUCT_NAME = "$(TARGET_NAME)";
				SDKROOT = "";
				VALID_ARCHS = i386;
			};
			name = Debug;
		};
		669375A6176AF68E00217CE5 /* Release */ = {
			isa = XCBuildConfiguration;
			buildSettings = {
				ARCHS = "$(ARCHS_STANDARD_32_BIT)";
				PRODUCT_NAME = "$(TARGET_NAME)";
				SDKROOT = "";
				VALID_ARCHS = i386;
			};
			name = Release;
		};
/* End XCBuildConfiguration section */

/* Begin XCConfigurationList section */
		66937594176AF68D00217CE5 /* Build configuration list for PBXProject "c05_dcamwait" */ = {
			isa = XCConfigurationList;
			buildConfigurations = (
				669375A2176AF68E00217CE5 /* Debug */,
				669375A3176AF68E00217CE5 /* Release */,
			);
			defaultConfigurationIsVisible = 0;
			defaultConfigurationName = Release;
		};
		669375A4176AF68E00217CE5 /* Build configuration list for PBXNativeTarget "c05_dcamwait" */ = {
			isa = XCConfigurationList;
			buildConfigurations = (
				669375A5176AF68E00217CE5 /* Debug */,
				669375A6176AF68E00217CE5 /* Release */,
			);
			defaultConfigurationIsVisible = 0;
			defaultConfigurationName = Release;
		};
/* End XCConfigurationList section */
	};
	rootObject = 66937591176AF68D00217CE5 /* Project object */;
}
